
Microsoft Visual Studio Solution File, Format Version 12.00
# Visual Studio Version 16
VisualStudioVersion = 16.0.32002.261
MinimumVisualStudioVersion = 10.0.40219.1
Project("{FAE04EC0-301F-11D3-BF4B-00C04F79EFBC}") = "Examen_TH", "Examen_TH\Examen_TH.csproj", "{5A2B4FA1-565B-4D9F-912D-F0826D6E155A}"
EndProject
Global
	GlobalSection(SolutionConfigurationPlatforms) = preSolution
		Debug|Any CPU = Debug|Any CPU
		Release|Any CPU = Release|Any CPU
	EndGlobalSection
	GlobalSection(ProjectConfigurationPlatforms) = postSolution
		{5A2B4FA1-565B-4D9F-912D-F0826D6E155A}.Debug|Any CPU.ActiveCfg = Debug|Any CPU
		{5A2B4FA1-565B-4D9F-912D-F0826D6E155A}.Debug|Any CPU.Build.0 = Debug|Any CPU
		{5A2B4FA1-565B-4D9F-912D-F0826D6E155A}.Release|Any CPU.ActiveCfg = Release|Any CPU
		{5A2B4FA1-565B-4D9F-912D-F0826D6E155A}.Release|Any CPU.Build.0 = Release|Any CPU
	EndGlobalSection
	GlobalSection(SolutionProperties) = preSolution
		HideSolutionNode = FALSE
	EndGlobalSection
	GlobalSection(ExtensibilityGlobals) = postSolution
		SolutionGuid = {104E4404-8B31-4108-9226-FFF20590CAEC}
	EndGlobalSection
EndGlobal
